
Microsoft Visual Studio Solution File, Format Version 12.00
# Visual Studio Version 17
VisualStudioVersion = 17.7.34221.43
MinimumVisualStudioVersion = 10.0.40219.1
Project("{9A19103F-16F7-4668-BE54-9A1E7A4F7556}") = "gorseltakvim", "takvimuygulamasi\gorseltakvim.csproj", "{6C7144AC-8D2A-489E-A2A7-5F728AF4BCBE}"
EndProject
Global
	GlobalSection(SolutionConfigurationPlatforms) = preSolution
		Debug|Any CPU = Debug|Any CPU
		Release|Any CPU = Release|Any CPU
	EndGlobalSection
	GlobalSection(ProjectConfigurationPlatforms) = postSolution
		{6C7144AC-8D2A-489E-A2A7-5F728AF4BCBE}.Debug|Any CPU.ActiveCfg = Debug|Any CPU
		{6C7144AC-8D2A-489E-A2A7-5F728AF4BCBE}.Debug|Any CPU.Build.0 = Debug|Any CPU
		{6C7144AC-8D2A-489E-A2A7-5F728AF4BCBE}.Release|Any CPU.ActiveCfg = Release|Any CPU
		{6C7144AC-8D2A-489E-A2A7-5F728AF4BCBE}.Release|Any CPU.Build.0 = Release|Any CPU
	EndGlobalSection
	GlobalSection(SolutionProperties) = preSolution
		HideSolutionNode = FALSE
	EndGlobalSection
	GlobalSection(ExtensibilityGlobals) = postSolution
		SolutionGuid = {76787AC9-2EF3-463E-8D97-1CF362B7B6CA}
	EndGlobalSection
EndGlobal
